
Microsoft Visual Studio Solution File, Format Version 12.00
# Visual Studio Version 17
VisualStudioVersion = 17.5.33424.131
MinimumVisualStudioVersion = 10.0.40219.1
Project("{9A19103F-16F7-4668-BE54-9A1E7A4F7556}") = "ClimbingApp", "ClimbingApp\ClimbingApp.csproj", "{C0239AC7-69DC-4F04-B238-F4B298DC1135}"
	ProjectSection(ProjectDependencies) = postProject
		{6F913FB3-9596-484C-AA71-205D32498AA3} = {6F913FB3-9596-484C-AA71-205D32498AA3}
	EndProjectSection
EndProject
Project("{9A19103F-16F7-4668-BE54-9A1E7A4F7556}") = "ClimbingApp.DataAccess", "ClimbingApp.DataAccess\ClimbingApp.DataAccess.csproj", "{6F913FB3-9596-484C-AA71-205D32498AA3}"
EndProject
Global
	GlobalSection(SolutionConfigurationPlatforms) = preSolution
		Debug|Any CPU = Debug|Any CPU
		Release|Any CPU = Release|Any CPU
	EndGlobalSection
	GlobalSection(ProjectConfigurationPlatforms) = postSolution
		{C0239AC7-69DC-4F04-B238-F4B298DC1135}.Debug|Any CPU.ActiveCfg = Debug|Any CPU
		{C0239AC7-69DC-4F04-B238-F4B298DC1135}.Debug|Any CPU.Build.0 = Debug|Any CPU
		{C0239AC7-69DC-4F04-B238-F4B298DC1135}.Release|Any CPU.ActiveCfg = Release|Any CPU
		{C0239AC7-69DC-4F04-B238-F4B298DC1135}.Release|Any CPU.Build.0 = Release|Any CPU
		{6F913FB3-9596-484C-AA71-205D32498AA3}.Debug|Any CPU.ActiveCfg = Debug|Any CPU
		{6F913FB3-9596-484C-AA71-205D32498AA3}.Debug|Any CPU.Build.0 = Debug|Any CPU
		{6F913FB3-9596-484C-AA71-205D32498AA3}.Release|Any CPU.ActiveCfg = Release|Any CPU
		{6F913FB3-9596-484C-AA71-205D32498AA3}.Release|Any CPU.Build.0 = Release|Any CPU
	EndGlobalSection
	GlobalSection(SolutionProperties) = preSolution
		HideSolutionNode = FALSE
	EndGlobalSection
	GlobalSection(ExtensibilityGlobals) = postSolution
		SolutionGuid = {96BCA843-3866-4B05-B73F-D9AA4B9D65B0}
	EndGlobalSection
EndGlobal
